
Microsoft Visual Studio Solution File, Format Version 12.00
# Visual Studio Version 17
VisualStudioVersion = 17.8.34525.116
MinimumVisualStudioVersion = 10.0.40219.1
Project("{9A19103F-16F7-4668-BE54-9A1E7A4F7556}") = "ClassLibrary1", "ClassLibrary1\ClassLibrary1.csproj", "{19072ACA-1582-4983-9ACC-32A6474C1A88}"
EndProject
Project("{FAE04EC0-301F-11D3-BF4B-00C04F79EFBC}") = "ClassLibrary2", "ClassLibrary2\ClassLibrary2.csproj", "{D9C98E6D-E0AA-4B45-A47B-3AE088E2CDC6}"
EndProject
Project("{FAE04EC0-301F-11D3-BF4B-00C04F79EFBC}") = "TestProject1", "TestProject1\TestProject1.csproj", "{682413EC-14C3-41AA-B79E-DE846227F676}"
EndProject
Global
	GlobalSection(SolutionConfigurationPlatforms) = preSolution
		Debug|Any CPU = Debug|Any CPU
		Release|Any CPU = Release|Any CPU
	EndGlobalSection
	GlobalSection(ProjectConfigurationPlatforms) = postSolution
		{19072ACA-1582-4983-9ACC-32A6474C1A88}.Debug|Any CPU.ActiveCfg = Debug|Any CPU
		{19072ACA-1582-4983-9ACC-32A6474C1A88}.Debug|Any CPU.Build.0 = Debug|Any CPU
		{19072ACA-1582-4983-9ACC-32A6474C1A88}.Release|Any CPU.ActiveCfg = Release|Any CPU
		{19072ACA-1582-4983-9ACC-32A6474C1A88}.Release|Any CPU.Build.0 = Release|Any CPU
		{D9C98E6D-E0AA-4B45-A47B-3AE088E2CDC6}.Debug|Any CPU.ActiveCfg = Debug|Any CPU
		{D9C98E6D-E0AA-4B45-A47B-3AE088E2CDC6}.Debug|Any CPU.Build.0 = Debug|Any CPU
		{D9C98E6D-E0AA-4B45-A47B-3AE088E2CDC6}.Release|Any CPU.ActiveCfg = Release|Any CPU
		{D9C98E6D-E0AA-4B45-A47B-3AE088E2CDC6}.Release|Any CPU.Build.0 = Release|Any CPU
		{682413EC-14C3-41AA-B79E-DE846227F676}.Debug|Any CPU.ActiveCfg = Debug|Any CPU
		{682413EC-14C3-41AA-B79E-DE846227F676}.Debug|Any CPU.Build.0 = Debug|Any CPU
		{682413EC-14C3-41AA-B79E-DE846227F676}.Release|Any CPU.ActiveCfg = Release|Any CPU
		{682413EC-14C3-41AA-B79E-DE846227F676}.Release|Any CPU.Build.0 = Release|Any CPU
	EndGlobalSection
	GlobalSection(SolutionProperties) = preSolution
		HideSolutionNode = FALSE
	EndGlobalSection
	GlobalSection(ExtensibilityGlobals) = postSolution
		SolutionGuid = {6E2C74D6-1AFA-4D0E-8AB5-C254B0DFA94C}
	EndGlobalSection
EndGlobal
